// !$*UTF8*$!
{
	archiveVersion = 1;
	classes = {
	};
	objectVersion = 50;
	objects = {

/* Begin PBXBuildFile section */
		7CC0F97C252BA45900D0EB64 /* infinite_scrolling_protoApp.swift in Sources */ = {isa = PBXBuildFile; fileRef = 7CC0F97B252BA45900D0EB64 /* infinite_scrolling_protoApp.swift */; };
		7CC0F97E252BA45900D0EB64 /* ContentView.swift in Sources */ = {isa = PBXBuildFile; fileRef = 7CC0F97D252BA45900D0EB64 /* ContentView.swift */; };
		7CC0F980252BA45C00D0EB64 /* Assets.xcassets in Resources */ = {isa = PBXBuildFile; fileRef = 7CC0F97F252BA45C00D0EB64 /* Assets.xcassets */; };
		7CC0F983252BA45C00D0EB64 /* Preview Assets.xcassets in Resources */ = {isa = PBXBuildFile; fileRef = 7CC0F982252BA45C00D0EB64 /* Preview Assets.xcassets */; };
		7CC0F98C252BA4C900D0EB64 /* User.swift in Sources */ = {isa = PBXBuildFile; fileRef = 7CC0F98B252BA4C900D0EB64 /* User.swift */; };
/* End PBXBuildFile section */

/* Begin PBXFileReference section */
		7CC0F978252BA45900D0EB64 /* infinite-scrolling-proto.app */ = {isa = PBXFileReference; explicitFileType = wrapper.application; includeInIndex = 0; path = "infinite-scrolling-proto.app"; sourceTree = BUILT_PRODUCTS_DIR; };
		7CC0F97B252BA45900D0EB64 /* infinite_scrolling_protoApp.swift */ = {isa = PBXFileReference; lastKnownFileType = sourcecode.swift; path = infinite_scrolling_protoApp.swift; sourceTree = "<group>"; };
		7CC0F97D252BA45900D0EB64 /* ContentView.swift */ = {isa = PBXFileReference; lastKnownFileType = sourcecode.swift; path = ContentView.swift; sourceTree = "<group>"; };
		7CC0F97F252BA45C00D0EB64 /* Assets.xcassets */ = {isa = PBXFileReference; lastKnownFileType = folder.assetcatalog; path = Assets.xcassets; sourceTree = "<group>"; };
		7CC0F982252BA45C00D0EB64 /* Preview Assets.xcassets */ = {isa = PBXFileReference; lastKnownFileType = folder.assetcatalog; path = "Preview Assets.xcassets"; sourceTree = "<group>"; };
		7CC0F984252BA45C00D0EB64 /* Info.plist */ = {isa = PBXFileReference; lastKnownFileType = text.plist.xml; path = Info.plist; sourceTree = "<group>"; };
		7CC0F98B252BA4C900D0EB64 /* User.swift */ = {isa = PBXFileReference; lastKnownFileType = sourcecode.swift; path = User.swift; sourceTree = "<group>"; };
/* End PBXFileReference section */

/* Begin PBXFrameworksBuildPhase section */
		7CC0F975252BA45800D0EB64 /* Frameworks */ = {
			isa = PBXFrameworksBuildPhase;
			buildActionMask = 2147483647;
			files = (
			);
			runOnlyForDeploymentPostprocessing = 0;
		};
/* End PBXFrameworksBuildPhase section */

/* Begin PBXGroup section */
		7CC0F96F252BA45800D0EB64 = {
			isa = PBXGroup;
			children = (
				7CC0F97A252BA45900D0EB64 /* infinite-scrolling-proto */,
				7CC0F979252BA45900D0EB64 /* Products */,
			);
			sourceTree = "<group>";
		};
		7CC0F979252BA45900D0EB64 /* Products */ = {
			isa = PBXGroup;
			children = (
				7CC0F978252BA45900D0EB64 /* infinite-scrolling-proto.app */,
			);
			name = Products;
			sourceTree = "<group>";
		};
		7CC0F97A252BA45900D0EB64 /* infinite-scrolling-proto */ = {
			isa = PBXGroup;
			children = (
				7CC0F97B252BA45900D0EB64 /* infinite_scrolling_protoApp.swift */,
				7CC0F97D252BA45900D0EB64 /* ContentView.swift */,
				7CC0F98B252BA4C900D0EB64 /* User.swift */,
				7CC0F97F252BA45C00D0EB64 /* Assets.xcassets */,
				7CC0F984252BA45C00D0EB64 /* Info.plist */,
				7CC0F981252BA45C00D0EB64 /* Preview Content */,
			);
			path = "infinite-scrolling-proto";
			sourceTree = "<group>";
		};
		7CC0F981252BA45C00D0EB64 /* Preview Content */ = {
			isa = PBXGroup;
			children = (
				7CC0F982252BA45C00D0EB64 /* Preview Assets.xcassets */,
			);
			path = "Preview Content";
			sourceTree = "<group>";
		};
/* End PBXGroup section */

/* Begin PBXNativeTarget section */
		7CC0F977252BA45800D0EB64 /* infinite-scrolling-proto */ = {
			isa = PBXNativeTarget;
			buildConfigurationList = 7CC0F987252BA45C00D0EB64 /* Build configuration list for PBXNativeTarget "infinite-scrolling-proto" */;
			buildPhases = (
				7CC0F974252BA45800D0EB64 /* Sources */,
				7CC0F975252BA45800D0EB64 /* Frameworks */,
				7CC0F976252BA45800D0EB64 /* Resources */,
			);
			buildRules = (
			);
			dependencies = (
			);
			name = "infinite-scrolling-proto";
			productName = "infinite-scrolling-proto";
			productReference = 7CC0F978252BA45900D0EB64 /* infinite-scrolling-proto.app */;
			productType = "com.apple.product-type.application";
		};
/* End PBXNativeTarget section */

/* Begin PBXProject section */
		7CC0F970252BA45800D0EB64 /* Project object */ = {
			isa = PBXProject;
			attributes = {
				LastSwiftUpdateCheck = 1200;
				LastUpgradeCheck = 1200;
				TargetAttributes = {
					7CC0F977252BA45800D0EB64 = {
						CreatedOnToolsVersion = 12.0.1;
					};
				};
			};
			buildConfigurationList = 7CC0F973252BA45800D0EB64 /* Build configuration list for PBXProject "infinite-scrolling-proto" */;
			compatibilityVersion = "Xcode 9.3";
			developmentRegion = en;
			hasScannedForEncodings = 0;
			knownRegions = (
				en,
				Base,
			);
			mainGroup = 7CC0F96F252BA45800D0EB64;
			productRefGroup = 7CC0F979252BA45900D0EB64 /* Products */;
			projectDirPath = "";
			projectRoot = "";
			targets = (
				7CC0F977252BA45800D0EB64 /* infinite-scrolling-proto */,
			);
		};
/* End PBXProject section */

/* Begin PBXResourcesBuildPhase section */
		7CC0F976252BA45800D0EB64 /* Resources */ = {
			isa = PBXResourcesBuildPhase;
			buildActionMask = 2147483647;
			files = (
				7CC0F983252BA45C00D0EB64 /* Preview Assets.xcassets in Resources */,
				7CC0F980252BA45C00D0EB64 /* Assets.xcassets in Resources */,
			);
			runOnlyForDeploymentPostprocessing = 0;
		};
/* End PBXResourcesBuildPhase section */

/* Begin PBXSourcesBuildPhase section */
		7CC0F974252BA45800D0EB64 /* Sources */ = {
			isa = PBXSourcesBuildPhase;
			buildActionMask = 2147483647;
			files = (
				7CC0F97E252BA45900D0EB64 /* ContentView.swift in Sources */,
				7CC0F97C252BA45900D0EB64 /* infinite_scrolling_protoApp.swift in Sources */,
				7CC0F98C252BA4C900D0EB64 /* User.swift in Sources */,
			);
			runOnlyForDeploymentPostprocessing = 0;
		};
/* End PBXSourcesBuildPhase section */

/* Begin XCBuildConfiguration section */
		7CC0F985252BA45C00D0EB64 /* Debug */ = {
			isa = XCBuildConfiguration;
			buildSettings = {
				ALWAYS_SEARCH_USER_PATHS = NO;
				CLANG_ANALYZER_NONNULL = YES;
				CLANG_ANALYZER_NUMBER_OBJECT_CONVERSION = YES_AGGRESSIVE;
				CLANG_CXX_LANGUAGE_STANDARD = "gnu++14";
				CLANG_CXX_LIBRARY = "libc++";
				CLANG_ENABLE_MODULES = YES;
				CLANG_ENABLE_OBJC_ARC = YES;
				CLANG_ENABLE_OBJC_WEAK = YES;
				CLANG_WARN_BLOCK_CAPTURE_AUTORELEASING = YES;
				CLANG_WARN_BOOL_CONVERSION = YES;
				CLANG_WARN_COMMA = YES;
				CLANG_WARN_CONSTANT_CONVERSION = YES;
				CLANG_WARN_DEPRECATED_OBJC_IMPLEMENTATIONS = YES;
				CLANG_WARN_DIRECT_OBJC_ISA_USAGE = YES_ERROR;
				CLANG_WARN_DOCUMENTATION_COMMENTS = YES;
				CLANG_WARN_EMPTY_BODY = YES;
				CLANG_WARN_ENUM_CONVERSION = YES;
				CLANG_WARN_INFINITE_RECURSION = YES;
				CLANG_WARN_INT_CONVERSION = YES;
				CLANG_WARN_NON_LITERAL_NULL_CONVERSION = YES;
				CLANG_WARN_OBJC_IMPLICIT_RETAIN_SELF = YES;
				CLANG_WARN_OBJC_LITERAL_CONVERSION = YES;
				CLANG_WARN_OBJC_ROOT_CLASS = YES_ERROR;
				CLANG_WARN_QUOTED_INCLUDE_IN_FRAMEWORK_HEADER = YES;
				CLANG_WARN_RANGE_LOOP_ANALYSIS = YES;
				CLANG_WARN_STRICT_PROTOTYPES = YES;
				CLANG_WARN_SUSPICIOUS_MOVE = YES;
				CLANG_WARN_UNGUARDED_AVAILABILITY = YES_AGGRESSIVE;
				CLANG_WARN_UNREACHABLE_CODE = YES;
				CLANG_WARN__DUPLICATE_METHOD_MATCH = YES;
				COPY_PHASE_STRIP = NO;
				DEBUG_INFORMATION_FORMAT = dwarf;
				ENABLE_STRICT_OBJC_MSGSEND = YES;
				ENABLE_TESTABILITY = YES;
				GCC_C_LANGUAGE_STANDARD = gnu11;
				GCC_DYNAMIC_NO_PIC = NO;
				GCC_NO_COMMON_BLOCKS = YES;
				GCC_OPTIMIZATION_LEVEL = 0;
				GCC_PREPROCESSOR_DEFINITIONS = (
					"DEBUG=1",
					"$(inherited)",
				);
				GCC_WARN_64_TO_32_BIT_CONVERSION = YES;
				GCC_WARN_ABOUT_RETURN_TYPE = YES_ERROR;
				GCC_WARN_UNDECLARED_SELECTOR = YES;
				GCC_WARN_UNINITIALIZED_AUTOS = YES_AGGRESSIVE;
				GCC_WARN_UNUSED_FUNCTION = YES;
				GCC_WARN_UNUSED_VARIABLE = YES;
				IPHONEOS_DEPLOYMENT_TARGET = 14.0;
				MTL_ENABLE_DEBUG_INFO = INCLUDE_SOURCE;
				MTL_FAST_MATH = YES;
				ONLY_ACTIVE_ARCH = YES;
				SDKROOT = iphoneos;
				SWIFT_ACTIVE_COMPILATION_CONDITIONS = DEBUG;
				SWIFT_OPTIMIZATION_LEVEL = "-Onone";
			};
			name = Debug;
		};
		7CC0F986252BA45C00D0EB64 /* Release */ = {
			isa = XCBuildConfiguration;
			buildSettings = {
				ALWAYS_SEARCH_USER_PATHS = NO;
				CLANG_ANALYZER_NONNULL = YES;
				CLANG_ANALYZER_NUMBER_OBJECT_CONVERSION = YES_AGGRESSIVE;
				CLANG_CXX_LANGUAGE_STANDARD = "gnu++14";
				CLANG_CXX_LIBRARY = "libc++";
				CLANG_ENABLE_MODULES = YES;
				CLANG_ENABLE_OBJC_ARC = YES;
				CLANG_ENABLE_OBJC_WEAK = YES;
				CLANG_WARN_BLOCK_CAPTURE_AUTORELEASING = YES;
				CLANG_WARN_BOOL_CONVERSION = YES;
				CLANG_WARN_COMMA = YES;
				CLANG_WARN_CONSTANT_CONVERSION = YES;
				CLANG_WARN_DEPRECATED_OBJC_IMPLEMENTATIONS = YES;
				CLANG_WARN_DIRECT_OBJC_ISA_USAGE = YES_ERROR;
				CLANG_WARN_DOCUMENTATION_COMMENTS = YES;
				CLANG_WARN_EMPTY_BODY = YES;
				CLANG_WARN_ENUM_CONVERSION = YES;
				CLANG_WARN_INFINITE_RECURSION = YES;
				CLANG_WARN_INT_CONVERSION = YES;
				CLANG_WARN_NON_LITERAL_NULL_CONVERSION = YES;
				CLANG_WARN_OBJC_IMPLICIT_RETAIN_SELF = YES;
				CLANG_WARN_OBJC_LITERAL_CONVERSION = YES;
				CLANG_WARN_OBJC_ROOT_CLASS = YES_ERROR;
				CLANG_WARN_QUOTED_INCLUDE_IN_FRAMEWORK_HEADER = YES;
				CLANG_WARN_RANGE_LOOP_ANALYSIS = YES;
				CLANG_WARN_STRICT_PROTOTYPES = YES;
				CLANG_WARN_SUSPICIOUS_MOVE = YES;
				CLANG_WARN_UNGUARDED_AVAILABILITY = YES_AGGRESSIVE;
				CLANG_WARN_UNREACHABLE_CODE = YES;
				CLANG_WARN__DUPLICATE_METHOD_MATCH = YES;
				COPY_PHASE_STRIP = NO;
				DEBUG_INFORMATION_FORMAT = "dwarf-with-dsym";
				ENABLE_NS_ASSERTIONS = NO;
				ENABLE_STRICT_OBJC_MSGSEND = YES;
				GCC_C_LANGUAGE_STANDARD = gnu11;
				GCC_NO_COMMON_BLOCKS = YES;
				GCC_WARN_64_TO_32_BIT_CONVERSION = YES;
				GCC_WARN_ABOUT_RETURN_TYPE = YES_ERROR;
				GCC_WARN_UNDECLARED_SELECTOR = YES;
				GCC_WARN_UNINITIALIZED_AUTOS = YES_AGGRESSIVE;
				GCC_WARN_UNUSED_FUNCTION = YES;
				GCC_WARN_UNUSED_VARIABLE = YES;
				IPHONEOS_DEPLOYMENT_TARGET = 14.0;
				MTL_ENABLE_DEBUG_INFO = NO;
				MTL_FAST_MATH = YES;
				SDKROOT = iphoneos;
				SWIFT_COMPILATION_MODE = wholemodule;
				SWIFT_OPTIMIZATION_LEVEL = "-O";
				VALIDATE_PRODUCT = YES;
			};
			name = Release;
		};
		7CC0F988252BA45C00D0EB64 /* Debug */ = {
			isa = XCBuildConfiguration;
			buildSettings = {
				ASSETCATALOG_COMPILER_APPICON_NAME = AppIcon;
				ASSETCATALOG_COMPILER_GLOBAL_ACCENT_COLOR_NAME = AccentColor;
				CODE_SIGN_STYLE = Automatic;
				DEVELOPMENT_ASSET_PATHS = "\"infinite-scrolling-proto/Preview Content\"";
				DEVELOPMENT_TEAM = 5K99777NES;
				ENABLE_PREVIEWS = YES;
				INFOPLIST_FILE = "infinite-scrolling-proto/Info.plist";
				IPHONEOS_DEPLOYMENT_TARGET = 14.0;
				LD_RUNPATH_SEARCH_PATHS = (
					"$(inherited)",
					"@executable_path/Frameworks",
				);
				PRODUCT_BUNDLE_IDENTIFIER = "com.kiloloco.infinite-scrolling-proto";
				PRODUCT_NAME = "$(TARGET_NAME)";
				SWIFT_VERSION = 5.0;
				TARGETED_DEVICE_FAMILY = "1,2";
			};
			name = Debug;
		};
		7CC0F989252BA45C00D0EB64 /* Release */ = {
			isa = XCBuildConfiguration;
			buildSettings = {
				ASSETCATALOG_COMPILER_APPICON_NAME = AppIcon;
				ASSETCATALOG_COMPILER_GLOBAL_ACCENT_COLOR_NAME = AccentColor;
				CODE_SIGN_STYLE = Automatic;
				DEVELOPMENT_ASSET_PATHS = "\"infinite-scrolling-proto/Preview Content\"";
				DEVELOPMENT_TEAM = 5K99777NES;
				ENABLE_PREVIEWS = YES;
				INFOPLIST_FILE = "infinite-scrolling-proto/Info.plist";
				IPHONEOS_DEPLOYMENT_TARGET = 14.0;
				LD_RUNPATH_SEARCH_PATHS = (
					"$(inherited)",
					"@executable_path/Frameworks",
				);
				PRODUCT_BUNDLE_IDENTIFIER = "com.kiloloco.infinite-scrolling-proto";
				PRODUCT_NAME = "$(TARGET_NAME)";
				SWIFT_VERSION = 5.0;
				TARGETED_DEVICE_FAMILY = "1,2";
			};
			name = Release;
		};
/* End XCBuildConfiguration section */

/* Begin XCConfigurationList section */
		7CC0F973252BA45800D0EB64 /* Build configuration list for PBXProject "infinite-scrolling-proto" */ = {
			isa = XCConfigurationList;
			buildConfigurations = (
				7CC0F985252BA45C00D0EB64 /* Debug */,
				7CC0F986252BA45C00D0EB64 /* Release */,
			);
			defaultConfigurationIsVisible = 0;
			defaultConfigurationName = Release;
		};
		7CC0F987252BA45C00D0EB64 /* Build configuration list for PBXNativeTarget "infinite-scrolling-proto" */ = {
			isa = XCConfigurationList;
			buildConfigurations = (
				7CC0F988252BA45C00D0EB64 /* Debug */,
				7CC0F989252BA45C00D0EB64 /* Release */,
			);
			defaultConfigurationIsVisible = 0;
			defaultConfigurationName = Release;
		};
/* End XCConfigurationList section */
	};
	rootObject = 7CC0F970252BA45800D0EB64 /* Project object */;
}
